PODS:
  - AEXML (2.1.0)
  - Alamofire (3.3.0)
  - AlamofireImage (2.4.0):
    - Alamofire (~> 3.3)
  - GGLInstanceID (1.1.6)
  - Google/CloudMessaging (2.0.3):
    - GGLInstanceID (~> 1.0)
    - Google/Core
    - GoogleCloudMessaging (~> 1.0)
  - Google/Core (2.0.3):
    - GoogleInterchangeUtilities (~> 1.0)
    - GoogleNetworkingUtilities (~> 1.0)
    - GoogleSymbolUtilities (~> 1.0)
    - GoogleUtilities (~> 1.1)
  - GoogleCloudMessaging (1.2.0):
    - GoogleInterchangeUtilities (~> 1.0)
    - GoogleIPhoneUtilities (~> 1.0)
    - GoogleSymbolUtilities (~> 1.0)
  - GoogleInterchangeUtilities (1.2.0):
    - GoogleSymbolUtilities (~> 1.0)
  - GoogleIPhoneUtilities (1.2.0):
    - GoogleSymbolUtilities (~> 1.0)
    - GoogleUtilities (~> 1.0)
  - GoogleNetworkingUtilities (1.2.0):
    - GoogleSymbolUtilities (~> 1.0)
  - GoogleSymbolUtilities (1.1.0)
  - GoogleUtilities (1.2.0):
    - GoogleSymbolUtilities (~> 1.0)
  - PKHUD (3.1.0)
  - ReachabilitySwift (2.3.3)
  - SwiftyJSON (2.3.2)

DEPENDENCIES:
  - AEXML
  - Alamofire (~> 3.0)
  - AlamofireImage (~> 2.0)
  - Google/CloudMessaging
  - PKHUD
  - ReachabilitySwift
  - SwiftyJSON (from `https://github.com/SwiftyJSON/SwiftyJSON.git`)

EXTERNAL SOURCES:
  SwiftyJSON:
    :git: https://github.com/SwiftyJSON/SwiftyJSON.git

CHECKOUT OPTIONS:
  SwiftyJSON:
    :commit: 2a5b70f06001316d4fb54501edc70b4084705da0
    :git: https://github.com/SwiftyJSON/SwiftyJSON.git

SPEC CHECKSUMS:
  AEXML: 0e2f657fdc67e17905682a06d55583a863d80803
  Alamofire: 9054db4a1b1ca9e363223183e01cea380159a27c
  AlamofireImage: 87408b652e0f5ae5fe364035f15aea8b9b24c77e
  GGLInstanceID: f92465924a9b8a48f712829d22e223653ab8dc72
  Google: 61379f0072bc561a7e174d23a6cbe41bd6d8599c
  GoogleCloudMessaging: f37ea14dd0f41d4d889c10b5559dd35bbfd9ac26
  GoogleInterchangeUtilities: 427382e42d8a340038bec37c6fdfd316e14b5fa2
  GoogleIPhoneUtilities: 1c2996078f079d2fc54453dbd13eaf5523666550
  GoogleNetworkingUtilities: ec1e9911aca811eb18b7144394fee6168b607785
  GoogleSymbolUtilities: eb3965ea12710569c7b80db198a39e39b18613f7
  GoogleUtilities: 85f8ad6b251544286a97163133d042ec95f889c5
  PKHUD: 4167eccdb1b3a892fd80ce2b51cb6ba412a889ab
  ReachabilitySwift: e0f6b6f280effb47731acfaaa2d5ffe223703793
  SwiftyJSON: 04ccea08915aa0109039157c7974cf0298da292a

PODFILE CHECKSUM: f1b5bd73cfebc02d7f218f0fb9b8dc62a186f7ff

COCOAPODS: 1.0.0.rc.2
